# THIS IS AN AUTOGENERATED FILE. DO NOT EDIT THIS FILE DIRECTLY.
# yarn lockfile v1


bulma@^0.9.4:
  version "0.9.4"
  resolved "https://registry.yarnpkg.com/bulma/-/bulma-0.9.4.tgz#0ca8aeb1847a34264768dba26a064c8be72674a1"
  integrity sha512-86FlT5+1GrsgKbPLRRY7cGDg8fsJiP/jzTqXXVqiUZZ2aZT8uemEOHlU1CDU+TxklPEZ11HZNNWclRBBecP4CQ==

tsparticles-engine@^2.4.0:
  version "2.4.0"
  resolved "https://registry.yarnpkg.com/tsparticles-engine/-/tsparticles-engine-2.4.0.tgz#a910e5b5a5924eaef45e0c5df96cb5894019ef01"
  integrity sha512-hwg52ya7PpNfKJzXezY3Pq4gzGOmDW5AQrhdLhbot1ongUhuhTQzB2oG82OpMhorPUDUY851iDOjpl16+Gnd0g==

tsparticles-interaction-external-attract@^2.4.0:
  version "2.4.0"
  resolved "https://registry.yarnpkg.com/tsparticles-interaction-external-attract/-/tsparticles-interaction-external-attract-2.4.0.tgz#acf3169c894140e5edc88a895af1005bdef5c8cd"
  integrity sha512-4agSVclj+1xXZR3KJqHtSEe985LvH/K5fNMnvHMWvCc0s88srICEKP1naO6ghCON7OGsL8XPo3P4f54mTlkmFA==
  dependencies:
    tsparticles-engine "^2.4.0"

tsparticles-interaction-external-bounce@^2.4.0:
  version "2.4.0"
  resolved "https://registry.yarnpkg.com/tsparticles-interaction-external-bounce/-/tsparticles-interaction-external-bounce-2.4.0.tgz#081bb6d16716d224e47c4656c1f3958c3210bc1a"
  integrity sha512-Bfrfww4TxENbJqSoC2V/4f01allqUz6zIpv+OTEJXbE1ZO/z5X1/ouP4uv1FxX4CoIxiHzgnZGikaYsEYf73oQ==
  dependencies:
    tsparticles-engine "^2.4.0"

tsparticles-interaction-external-bubble@^2.4.0:
  version "2.4.0"
  resolved "https://registry.yarnpkg.com/tsparticles-interaction-external-bubble/-/tsparticles-interaction-external-bubble-2.4.0.tgz#7a19688ca852870385b4f21ea08f482a418b3d57"
  integrity sha512-w8pfnuv/LkVVes8uumNfJSWXq8GACTL/77R8VM22cBGkBFxkrwM/i8zIgPZC6DkyqppVOpH8gydzbfpVYJMLFQ==
  dependencies:
    tsparticles-engine "^2.4.0"

tsparticles-interaction-external-connect@^2.4.0:
  version "2.4.0"
  resolved "https://registry.yarnpkg.com/tsparticles-interaction-external-connect/-/tsparticles-interaction-external-connect-2.4.0.tgz#1546ea16bac09daf004f5af5e8f41e8f050d2de1"
  integrity sha512-W/JdpbFhQ7zwnnQwwtaCHPLKWjcMxvY4hteCJt1qHGFoZbj+2kbTgxyzUkrOOgG/8Iuk7zYO0zQpQILhHetvUA==
  dependencies:
    tsparticles-engine "^2.4.0"

tsparticles-interaction-external-grab@^2.4.0:
  version "2.4.0"
  resolved "https://registry.yarnpkg.com/tsparticles-interaction-external-grab/-/tsparticles-interaction-external-grab-2.4.0.tgz#7d9b7bc0983a3e429d978d87b20c9dc25938d967"
  integrity sha512-zAy0ZLUkU3oYa77cqfkn8Jd4SJR700t6xxLbkE/yE5nY5V76BBMAmbhz0c4guCmqDTaJsHvVC8ASGqnsQbnYww==
  dependencies:
    tsparticles-engine "^2.4.0"

tsparticles-interaction-external-pause@^2.4.0:
  version "2.4.0"
  resolved "https://registry.yarnpkg.com/tsparticles-interaction-external-pause/-/tsparticles-interaction-external-pause-2.4.0.tgz#ec15c8c18e8cb7472a9433c33f5e4f72992dcd48"
  integrity sha512-I/8oX58PMMi04WSNpzWjx/bN/+wSOprPZ8xdwygYwlc7QHgarTjtAdT3p1nJH7nkdXLuZDxz9/maoOUx6VatqA==
  dependencies:
    tsparticles-engine "^2.4.0"

tsparticles-interaction-external-push@^2.4.0:
  version "2.4.0"
  resolved "https://registry.yarnpkg.com/tsparticles-interaction-external-push/-/tsparticles-interaction-external-push-2.4.0.tgz#724ebf05da19d667b892cf2b1d67ba4d48f6cdf3"
  integrity sha512-6bH1USJNlubbHXjg4FNwb4DNh2OP6wFzUVIQz1HAYaiDzJuFjgGbq6jfjUFbt1ryWVEdMrCLLl4cA21W+KxCKA==
  dependencies:
    tsparticles-engine "^2.4.0"

tsparticles-interaction-external-remove@^2.4.0:
  version "2.4.0"
  resolved "https://registry.yarnpkg.com/tsparticles-interaction-external-remove/-/tsparticles-interaction-external-remove-2.4.0.tgz#bb6d6bf0d643c137cf2570978ea2e040638fc4f7"
  integrity sha512-OM8xBoDArECi+XknsnWX9l9ZxRNYcO0wf1TOuKyFzwO+u03JQHyWiF/IlKSO6iF7rLQo9iYJ+4Ol0KeLlxKLfQ==
  dependencies:
    tsparticles-engine "^2.4.0"

tsparticles-interaction-external-repulse@^2.4.0:
  version "2.4.0"
  resolved "https://registry.yarnpkg.com/tsparticles-interaction-external-repulse/-/tsparticles-interaction-external-repulse-2.4.0.tgz#24a50ff320e6060c1bbf7e5018dc99ca9228aba2"
  integrity sha512-aDTGVrANdKyYcOXh7QittRLluRLwEA35yV0VluTd0jSOfJcWpaNgXlpnaLpdTPcjWrbyxpcEh7c57EjlYTA/zg==
  dependencies:
    tsparticles-engine "^2.4.0"

tsparticles-interaction-external-slow@^2.4.0:
  version "2.4.0"
  resolved "https://registry.yarnpkg.com/tsparticles-interaction-external-slow/-/tsparticles-interaction-external-slow-2.4.0.tgz#3895f3d12342b8980845fe000eea80f3143309a0"
  integrity sha512-ucGDliOuhNOCtKGR6bY9h9FeaHZ9JzTJRME1vvtHoBTSkm75LZROtP5UzjOMA9WAvAG+6ecZvF2OIWso2yOqbg==
  dependencies:
    tsparticles-engine "^2.4.0"

tsparticles-interaction-external-trail@^2.4.0:
  version "2.4.0"
  resolved "https://registry.yarnpkg.com/tsparticles-interaction-external-trail/-/tsparticles-interaction-external-trail-2.4.0.tgz#353d58278f90707f29517a2a599b927687c2c978"
  integrity sha512-I481lidi+W0HhE2Besmh0D/3A38bP89DLLiTCS6MJhRXbUvgZJcrOevlooXLnIlLC/fQPlap0CRld9DNL4Fibw==
  dependencies:
    tsparticles-engine "^2.4.0"

tsparticles-interaction-particles-attract@^2.4.0:
  version "2.4.0"
  resolved "https://registry.yarnpkg.com/tsparticles-interaction-particles-attract/-/tsparticles-interaction-particles-attract-2.4.0.tgz#6c610ed9e9be13c1f316af7e5529d2b0d826cc8a"
  integrity sha512-Nih2PO2URs7zwbR5xHcGykYyBANWM/LaA5a3NKci+aYm57uGbVuzhXqlWRQACPw/B9JTQLdAdRkLjG2ryeWsRg==
  dependencies:
    tsparticles-engine "^2.4.0"

tsparticles-interaction-particles-collisions@^2.4.0:
  version "2.4.0"
  resolved "https://registry.yarnpkg.com/tsparticles-interaction-particles-collisions/-/tsparticles-interaction-particles-collisions-2.4.0.tgz#303d2317ef14f0aae053ee984d3c550eedf84074"
  integrity sha512-PkWRd1zfctdTzE7UzEvgWsjGSRpm/2tR5HMqD+TkUgvTewvSzIlQ8PwP75gunAaOSZlsN4LR9usylQnnHUuHfA==
  dependencies:
    tsparticles-engine "^2.4.0"

tsparticles-interaction-particles-links@^2.4.0:
  version "2.4.0"
  resolved "https://registry.yarnpkg.com/tsparticles-interaction-particles-links/-/tsparticles-interaction-particles-links-2.4.0.tgz#800cb29ef6c2bc18dac2ecf2524a7588c8eefd95"
  integrity sha512-eNJmDHAw9gfJS2wgGnrLRIAEKr0H8kwMsKcIdju4xU6Jqneh8bXwNYB1z3WF46ak1Sd3x6chRywHoM7U4E5wnw==
  dependencies:
    tsparticles-engine "^2.4.0"

tsparticles-move-base@^2.4.0:
  version "2.4.0"
  resolved "https://registry.yarnpkg.com/tsparticles-move-base/-/tsparticles-move-base-2.4.0.tgz#5c1c1ff8e35d48f85243d855689bc25baf0d1a16"
  integrity sha512-3VWdzpvalmF2Hm1W39PIn9CkwiyHaLHhNDLECqm42iT4xvqaf7/Sc6upklyL2bSLy1N8MyNlqu7xTwoJEvXQyQ==
  dependencies:
    tsparticles-engine "^2.4.0"

tsparticles-move-parallax@^2.4.0:
  version "2.4.0"
  resolved "https://registry.yarnpkg.com/tsparticles-move-parallax/-/tsparticles-move-parallax-2.4.0.tgz#fd0257ac75429ea6ff12b671253097d434480f38"
  integrity sha512-VJ1AvRCTf8ALlk5Xwbyg2k680pd02xfay4w1CdWGrGwqTkKAnTwiEw6WoVVb8LmmkI33Dz7VnliT8azzvqCm4Q==
  dependencies:
    tsparticles-engine "^2.4.0"

tsparticles-particles.js@^2.4.0:
  version "2.4.0"
  resolved "https://registry.yarnpkg.com/tsparticles-particles.js/-/tsparticles-particles.js-2.4.0.tgz#dd5907f9d54a9a13fde68bada15667ba664cb95d"
  integrity sha512-nXFY0xF0oax2aKAhsKMQs+OmhGBbwV1kR7s28WK2RDT1p6DAtK8yHkCq+K3JBSgzsehUGzAvMh8TTKjyzTyK0g==
  dependencies:
    tsparticles-engine "^2.4.0"

tsparticles-plugin-absorbers@^2.4.0:
  version "2.4.0"
  resolved "https://registry.yarnpkg.com/tsparticles-plugin-absorbers/-/tsparticles-plugin-absorbers-2.4.0.tgz#5449a759282d6413600d8ace431b928ade69ba9d"
  integrity sha512-ayfQe3Hc2Vd+G28NM+p6hL7YBaKOzVbCOmIfDrx5zGP9J+LOArcLFpuxMGDIbEeTznJgFk4Grrk8RdXpNz8J2A==
  dependencies:
    tsparticles-engine "^2.4.0"

tsparticles-plugin-easing-quad@^2.4.0:
  version "2.4.0"
  resolved "https://registry.yarnpkg.com/tsparticles-plugin-easing-quad/-/tsparticles-plugin-easing-quad-2.4.0.tgz#73dc95abadefa2833ed140bc3cdb31cc4c72ad67"
  integrity sha512-xgVC68T3H2t1vqsZw3VAjDDUKAdiVPTz5DaM77ZJ84T8RVq9Rdjw4D7ngJ/EiF2paVH8+1KMzTtIZ/7z4fof+A==
  dependencies:
    tsparticles-engine "^2.4.0"

tsparticles-plugin-emitters@^2.4.0:
  version "2.4.0"
  resolved "https://registry.yarnpkg.com/tsparticles-plugin-emitters/-/tsparticles-plugin-emitters-2.4.0.tgz#56930afb5ebe78b435440a88aeea8b27fa112369"
  integrity sha512-gsrL6qYW0Dce9XlS2EScg+AX7LitDEMvD9UI1dLuR1OQvliB/t6ZGvrxDVTlZCt41ud8idHhvn0NPGkQ+cNCCA==
  dependencies:
    tsparticles-engine "^2.4.0"

tsparticles-shape-circle@^2.4.0:
  version "2.4.0"
  resolved "https://registry.yarnpkg.com/tsparticles-shape-circle/-/tsparticles-shape-circle-2.4.0.tgz#ab87b5ea1b13122eaf0914be86a4df09ebbaccd3"
  integrity sha512-CwjklKSnSkKSIiUSyD6bU5Q2C92FldbRertlNwWKh2w3CnVmHar7blTAbXaXx6KymmMwgVYukSBtEw6y2NXljw==
  dependencies:
    tsparticles-engine "^2.4.0"

tsparticles-shape-image@^2.4.0:
  version "2.4.0"
  resolved "https://registry.yarnpkg.com/tsparticles-shape-image/-/tsparticles-shape-image-2.4.0.tgz#de3badb5c08678a850d3d313992b40d4c3d41e76"
  integrity sha512-RecHtS3c2oom/UKyHMqebZqcJAcackbYQTH2Nz0iceq8eh1WUMVcHZsgUQVUsj2J8/lUM00OXmjlT4bPlSK8IQ==
  dependencies:
    tsparticles-engine "^2.4.0"

tsparticles-shape-line@^2.4.0:
  version "2.4.0"
  resolved "https://registry.yarnpkg.com/tsparticles-shape-line/-/tsparticles-shape-line-2.4.0.tgz#ca0fbead819adc6964a5ff4a7981a538ca1cfed2"
  integrity sha512-bk1lKhpocTvi7Ff8etCJouGn3UtGbxeQgjK85j1IJesx4jtQMnTi2DyEjUGIwa9CRMb9tYqeHOjF3P5MDq6SoQ==
  dependencies:
    tsparticles-engine "^2.4.0"

tsparticles-shape-polygon@^2.4.0:
  version "2.4.0"
  resolved "https://registry.yarnpkg.com/tsparticles-shape-polygon/-/tsparticles-shape-polygon-2.4.0.tgz#3950d6ecb33b9aad8328b4159b95bbce8695d87d"
  integrity sha512-OhM8vRiS5UC8+n865wn9StwT2pA8xGqPvpktYqBPdr3ukEwnpPkNMYdHAnGt8q+3mtHW02GCBW1eYNlhJK6sKQ==
  dependencies:
    tsparticles-engine "^2.4.0"

tsparticles-shape-square@^2.4.0:
  version "2.4.0"
  resolved "https://registry.yarnpkg.com/tsparticles-shape-square/-/tsparticles-shape-square-2.4.0.tgz#82f1034a150f6103ada7ee2b29b90cbd3bd97cb5"
  integrity sha512-QJlUQPCMhOQj4x1mz+DT29nBgDWolQ+oko6FwIt1mkA6MtxAmEiVADH8//iPNVhBEcEJfuamucafYS4nN8byVQ==
  dependencies:
    tsparticles-engine "^2.4.0"

tsparticles-shape-star@^2.4.0:
  version "2.4.0"
  resolved "https://registry.yarnpkg.com/tsparticles-shape-star/-/tsparticles-shape-star-2.4.0.tgz#d78617416992857e0f74874a5bed9da745e95239"
  integrity sha512-wioe4c3/eG2DttgPnyaFsm1aj3PnnxisvYOPMqkjDt716cjAA5GJuHyaDM/a6VRmblXkgFjKsFlcKYPsBM6vcw==
  dependencies:
    tsparticles-engine "^2.4.0"

tsparticles-shape-text@^2.4.0:
  version "2.4.0"
  resolved "https://registry.yarnpkg.com/tsparticles-shape-text/-/tsparticles-shape-text-2.4.0.tgz#2f8246a6317638782cc1c79a4141c57266467210"
  integrity sha512-XuPCvjA17vQaXhH+mp5jI5M/XlA4QFoW1OfAiOOU+IDB4abm3ZzXQBOsp1MWXdoy+PDf/68kcGegkxQKsZMLLQ==
  dependencies:
    tsparticles-engine "^2.4.0"

tsparticles-slim@^2.4.0:
  version "2.4.0"
  resolved "https://registry.yarnpkg.com/tsparticles-slim/-/tsparticles-slim-2.4.0.tgz#c92929b141d190f02f831930e5736f88e1bf37c8"
  integrity sha512-0s06tEUfw52MSfOeXPiZg+c74m8cjwogdDvHEiwxqkPFBGQ/OixWn2l75QBjjHi7diq7Q8zMYVt3NgO67qTyOQ==
  dependencies:
    tsparticles-engine "^2.4.0"
    tsparticles-interaction-external-attract "^2.4.0"
    tsparticles-interaction-external-bounce "^2.4.0"
    tsparticles-interaction-external-bubble "^2.4.0"
    tsparticles-interaction-external-connect "^2.4.0"
    tsparticles-interaction-external-grab "^2.4.0"
    tsparticles-interaction-external-pause "^2.4.0"
    tsparticles-interaction-external-push "^2.4.0"
    tsparticles-interaction-external-remove "^2.4.0"
    tsparticles-interaction-external-repulse "^2.4.0"
    tsparticles-interaction-external-slow "^2.4.0"
    tsparticles-interaction-particles-attract "^2.4.0"
    tsparticles-interaction-particles-collisions "^2.4.0"
    tsparticles-interaction-particles-links "^2.4.0"
    tsparticles-move-base "^2.4.0"
    tsparticles-move-parallax "^2.4.0"
    tsparticles-particles.js "^2.4.0"
    tsparticles-plugin-easing-quad "^2.4.0"
    tsparticles-shape-circle "^2.4.0"
    tsparticles-shape-image "^2.4.0"
    tsparticles-shape-line "^2.4.0"
    tsparticles-shape-polygon "^2.4.0"
    tsparticles-shape-square "^2.4.0"
    tsparticles-shape-star "^2.4.0"
    tsparticles-shape-text "^2.4.0"
    tsparticles-updater-angle "^2.4.0"
    tsparticles-updater-color "^2.4.0"
    tsparticles-updater-life "^2.4.0"
    tsparticles-updater-opacity "^2.4.0"
    tsparticles-updater-out-modes "^2.4.0"
    tsparticles-updater-size "^2.4.0"
    tsparticles-updater-stroke-color "^2.4.0"

tsparticles-updater-angle@^2.4.0:
  version "2.4.0"
  resolved "https://registry.yarnpkg.com/tsparticles-updater-angle/-/tsparticles-updater-angle-2.4.0.tgz#a5d7eccb30d0fc5830c6f975ecf2c5406692bfea"
  integrity sha512-LqB1FY2wj42izhudeZs08MfD5P2wx3+CSG70C0+cMswe07xxakz1zT8QqIkYGbJBLFgcLOcknhtqlahIlYTfQw==
  dependencies:
    tsparticles-engine "^2.4.0"

tsparticles-updater-color@^2.4.0:
  version "2.4.0"
  resolved "https://registry.yarnpkg.com/tsparticles-updater-color/-/tsparticles-updater-color-2.4.0.tgz#f0920c2ee7b78a412f4e11345b8aa71b424cc4d2"
  integrity sha512-6MMPvj9b6hD5VXVD+mYvndRcnTxrPHd1hu915WWO0rMdquU4FKQwaI8fVakgqE9gGQWrINa6bkkYr7FCuFNvMQ==
  dependencies:
    tsparticles-engine "^2.4.0"

tsparticles-updater-destroy@^2.4.0:
  version "2.4.0"
  resolved "https://registry.yarnpkg.com/tsparticles-updater-destroy/-/tsparticles-updater-destroy-2.4.0.tgz#012331ccaae7fce3859c5a0cb533b14d227f3cfd"
  integrity sha512-hvFqQu8hGDxqBjw1tR2dYo1FVKx9CUOHQAXe5kXiFoI3qp7q7jzQz+p/E3hpsuVuV8v3Z7j3sM5LLNLw1bhOmw==
  dependencies:
    tsparticles-engine "^2.4.0"

tsparticles-updater-life@^2.4.0:
  version "2.4.0"
  resolved "https://registry.yarnpkg.com/tsparticles-updater-life/-/tsparticles-updater-life-2.4.0.tgz#9b2c3cfcbaeff18bd13cf58ec188f8a18b2931ae"
  integrity sha512-ouvJIkB/4TmFha8rOh2uvQxo9JQJ9MeCmtEcwy4ktm3g9HGYzbD6ZHN9148DGcMFHSkPp8rX/Y9xwbixYcF6Ng==
  dependencies:
    tsparticles-engine "^2.4.0"

tsparticles-updater-opacity@^2.4.0:
  version "2.4.0"
  resolved "https://registry.yarnpkg.com/tsparticles-updater-opacity/-/tsparticles-updater-opacity-2.4.0.tgz#f482350049191f6353e21ee57946f3ebdf813286"
  integrity sha512-xKnX4smjS1dwayd9ndj/0t5gMaOAj2hTgPBZEZ4mEGi1oRiIWT8n1NLiYQaG6lht8fpFehtr1R5p4Oq8iB9znA==
  dependencies:
    tsparticles-engine "^2.4.0"

tsparticles-updater-out-modes@^2.4.0:
  version "2.4.0"
  resolved "https://registry.yarnpkg.com/tsparticles-updater-out-modes/-/tsparticles-updater-out-modes-2.4.0.tgz#bf6fc61944ea5f300583d95ba7ac6be815d2763a"
  integrity sha512-FXSAyLKD7xEiX4U7BQnVM9oLkY4O4AXDj34CxgaXswCDi3PeewJmIfMFK/yj6218dDEjwoVkbYMADm5I/b3GAw==
  dependencies:
    tsparticles-engine "^2.4.0"

tsparticles-updater-roll@^2.4.0:
  version "2.4.0"
  resolved "https://registry.yarnpkg.com/tsparticles-updater-roll/-/tsparticles-updater-roll-2.4.0.tgz#11d75aebfbaa36aaa71f0cb0904e98d073227147"
  integrity sha512-InmW3kd69vMlCWxMSKYt67LyX7u7JMdt7l9VyGOTPcstptT1I5z3i8B0Ea3USr+oJihBBIFJfyVKeg4/VevcBw==
  dependencies:
    tsparticles-engine "^2.4.0"

tsparticles-updater-size@^2.4.0:
  version "2.4.0"
  resolved "https://registry.yarnpkg.com/tsparticles-updater-size/-/tsparticles-updater-size-2.4.0.tgz#fac46841f05b638dabc5c3d7784adc430e82413a"
  integrity sha512-vSSUA1adVoAt3990vksC16QC2fYhgIZrVCv5qLa0iJst/B4csv1K4UVLx3JZ3pxywGgocZArd2u6GxkuJ9pdzg==
  dependencies:
    tsparticles-engine "^2.4.0"

tsparticles-updater-stroke-color@^2.4.0:
  version "2.4.0"
  resolved "https://registry.yarnpkg.com/tsparticles-updater-stroke-color/-/tsparticles-updater-stroke-color-2.4.0.tgz#e974392a9bd23ef5f881366b2a6421155f53db1e"
  integrity sha512-a0YY7p6t83L3B3OduhexrqOvc2YOnPtbtY3RS29+VINS5DMai/kidvUnQQCV+Cz9OTcJv9xrlTCOU7gL2pQJ+Q==
  dependencies:
    tsparticles-engine "^2.4.0"

tsparticles-updater-tilt@^2.4.0:
  version "2.4.0"
  resolved "https://registry.yarnpkg.com/tsparticles-updater-tilt/-/tsparticles-updater-tilt-2.4.0.tgz#952688322ef9a04f266577aa9d0f6a678ffb9c5a"
  integrity sha512-B9i3nV5rCviEYlNxAd4ui+9alGO0yKpZAe9Hu7zvK25CtLozTAAWnn1lZfpWwNIi9WqBrq4BAHBjbNMdKFD3Sw==
  dependencies:
    tsparticles-engine "^2.4.0"

tsparticles-updater-twinkle@^2.4.0:
  version "2.4.0"
  resolved "https://registry.yarnpkg.com/tsparticles-updater-twinkle/-/tsparticles-updater-twinkle-2.4.0.tgz#a801a2e9eba8806553da544c40d76a0809a5b7fc"
  integrity sha512-Wbx1XbxzLIUmv7FZ114XaXHA067KbUo6yFmYfXfrEI9DwS5xlJ25kj0Zj4vavXMbAv5naQkAliI1ocRHq6Df4g==
  dependencies:
    tsparticles-engine "^2.4.0"

tsparticles-updater-wobble@^2.4.0:
  version "2.4.0"
  resolved "https://registry.yarnpkg.com/tsparticles-updater-wobble/-/tsparticles-updater-wobble-2.4.0.tgz#dc521e2225cc6d69086fba562dd2d667ed183b96"
  integrity sha512-VL4vh5Bri21j49xWXT8VBQgc+Pu1pKQ3Iq3840oX9dexZGB8X5p6BYjvJ3HWgWELqAmaiMAW4Yc6AsykeoiUOQ==
  dependencies:
    tsparticles-engine "^2.4.0"

tsparticles@^2.4.0:
  version "2.4.0"
  resolved "https://registry.yarnpkg.com/tsparticles/-/tsparticles-2.4.0.tgz#211a3fe4417b943c7c90c1db3b6a839b3b42d21b"
  integrity sha512-U6G31kbOvRb5jzG72oLVunmpDqbhUZLBqExeej+NUX1IXqx6GWyU2w4SQN81LKbKBCAISwLWQzWxOce0nAedfw==
  dependencies:
    tsparticles-engine "^2.4.0"
    tsparticles-interaction-external-trail "^2.4.0"
    tsparticles-plugin-absorbers "^2.4.0"
    tsparticles-plugin-emitters "^2.4.0"
    tsparticles-slim "^2.4.0"
    tsparticles-updater-destroy "^2.4.0"
    tsparticles-updater-roll "^2.4.0"
    tsparticles-updater-tilt "^2.4.0"
    tsparticles-updater-twinkle "^2.4.0"
    tsparticles-updater-wobble "^2.4.0"
